
Microsoft Visual Studio Solution File, Format Version 12.00
# Visual Studio Version 17
VisualStudioVersion = 17.5.002.0
MinimumVisualStudioVersion = 10.0.40219.1
Project("{9A19103F-16F7-4668-BE54-9A1E7A4F7556}") = "XiansAi.Server", "XiansAi.Server.Src\XiansAi.Server.csproj", "{61A322B9-E753-49F5-86E4-911D56DB7B9C}"
EndProject
Project("{FAE04EC0-301F-11D3-BF4B-00C04F79EFBC}") = "XiansAi.Server.Tests", "XiansAi.Server.Tests\XiansAi.Server.Tests.csproj", "{B488C85A-737D-4BDC-84B5-B8DD4B2105AA}"
EndProject
Global
	GlobalSection(SolutionConfigurationPlatforms) = preSolution
		Debug|Any CPU = Debug|Any CPU
		Release|Any CPU = Release|Any CPU
	EndGlobalSection
	GlobalSection(ProjectConfigurationPlatforms) = postSolution
		{61A322B9-E753-49F5-86E4-911D56DB7B9C}.Debug|Any CPU.ActiveCfg = Debug|Any CPU
		{61A322B9-E753-49F5-86E4-911D56DB7B9C}.Debug|Any CPU.Build.0 = Debug|Any CPU
		{61A322B9-E753-49F5-86E4-911D56DB7B9C}.Release|Any CPU.ActiveCfg = Release|Any CPU
		{61A322B9-E753-49F5-86E4-911D56DB7B9C}.Release|Any CPU.Build.0 = Release|Any CPU
		{B488C85A-737D-4BDC-84B5-B8DD4B2105AA}.Debug|Any CPU.ActiveCfg = Debug|Any CPU
		{B488C85A-737D-4BDC-84B5-B8DD4B2105AA}.Debug|Any CPU.Build.0 = Debug|Any CPU
		{B488C85A-737D-4BDC-84B5-B8DD4B2105AA}.Release|Any CPU.ActiveCfg = Release|Any CPU
		{B488C85A-737D-4BDC-84B5-B8DD4B2105AA}.Release|Any CPU.Build.0 = Release|Any CPU
	EndGlobalSection
	GlobalSection(SolutionProperties) = preSolution
		HideSolutionNode = FALSE
	EndGlobalSection
	GlobalSection(ExtensibilityGlobals) = postSolution
		SolutionGuid = {074A305A-37EB-4661-9075-196902CB344B}
	EndGlobalSection
EndGlobal
